
Microsoft Visual Studio Solution File, Format Version 12.00
# Visual Studio Version 17
VisualStudioVersion = 17.11.35327.3
MinimumVisualStudioVersion = 10.0.40219.1
Project("{FAE04EC0-301F-11D3-BF4B-00C04F79EFBC}") = "ValidaCamposConsole", "ValidaCamposConsole\ValidaCamposConsole.csproj", "{D34526A5-259F-4BA9-A7EF-586A0847621E}"
EndProject
Project("{FAE04EC0-301F-11D3-BF4B-00C04F79EFBC}") = "ValidaCamposConsole.Test", "ValidaCamposConsole.Test\ValidaCamposConsole.Test.csproj", "{810E1C5E-C13E-4FA1-A6DD-2A6BB4E581F1}"
EndProject
Global
	GlobalSection(SolutionConfigurationPlatforms) = preSolution
		Debug|Any CPU = Debug|Any CPU
		Release|Any CPU = Release|Any CPU
	EndGlobalSection
	GlobalSection(ProjectConfigurationPlatforms) = postSolution
		{D34526A5-259F-4BA9-A7EF-586A0847621E}.Debug|Any CPU.ActiveCfg = Debug|Any CPU
		{D34526A5-259F-4BA9-A7EF-586A0847621E}.Debug|Any CPU.Build.0 = Debug|Any CPU
		{D34526A5-259F-4BA9-A7EF-586A0847621E}.Release|Any CPU.ActiveCfg = Release|Any CPU
		{D34526A5-259F-4BA9-A7EF-586A0847621E}.Release|Any CPU.Build.0 = Release|Any CPU
		{810E1C5E-C13E-4FA1-A6DD-2A6BB4E581F1}.Debug|Any CPU.ActiveCfg = Debug|Any CPU
		{810E1C5E-C13E-4FA1-A6DD-2A6BB4E581F1}.Debug|Any CPU.Build.0 = Debug|Any CPU
		{810E1C5E-C13E-4FA1-A6DD-2A6BB4E581F1}.Release|Any CPU.ActiveCfg = Release|Any CPU
		{810E1C5E-C13E-4FA1-A6DD-2A6BB4E581F1}.Release|Any CPU.Build.0 = Release|Any CPU
	EndGlobalSection
	GlobalSection(SolutionProperties) = preSolution
		HideSolutionNode = FALSE
	EndGlobalSection
	GlobalSection(ExtensibilityGlobals) = postSolution
		SolutionGuid = {F65F6CDB-973C-4B45-B37F-E927B7B43833}
	EndGlobalSection
EndGlobal
